# THIS IS AN AUTOGENERATED FILE. DO NOT EDIT THIS FILE DIRECTLY.
# yarn lockfile v1


"@jorgeferrero/stream-to-buffer@^1.0.0":
  version "1.0.0"
  resolved "https://registry.yarnpkg.com/@jorgeferrero/stream-to-buffer/-/stream-to-buffer-1.0.0.tgz#fa87136b0a0b4e9e3d55f0b45929890877be1f0f"
  integrity sha512-Nf1lzT/XSw9uDvN7b3JbY0mRwx/XC7TCeqwlRsCrkbOUkx767+7n4+4krJE3f8xc1LZmeQ866mxQcSpoxRZbQg==
  dependencies:
    memorystream "^0.3.1"

asynckit@^0.4.0:
  version "0.4.0"
  resolved "https://registry.yarnpkg.com/asynckit/-/asynckit-0.4.0.tgz#c79ed97f7f34cb8f2ba1bc9790bcc366474b4b79"
  integrity sha1-x57Zf380y48robyXkLzDZkdLS3k=

combined-stream@^1.0.8:
  version "1.0.8"
  resolved "https://registry.yarnpkg.com/combined-stream/-/combined-stream-1.0.8.tgz#c3d45a8b34fd730631a110a8a2520682b31d5a7f"
  integrity sha512-FQN4MRfuJeHf7cBbBMJFXhKSDq+2kAArBlmRBvcvFE5BB1HZKXtSFASDhdlz9zOYwxh8lDdnvmMOe/+5cdoEdg==
  dependencies:
    delayed-stream "~1.0.0"

delayed-stream@~1.0.0:
  version "1.0.0"
  resolved "https://registry.yarnpkg.com/delayed-stream/-/delayed-stream-1.0.0.tgz#df3ae199acadfb7d440aaae0b29e2272b24ec619"
  integrity sha1-3zrhmayt+31ECqrgsp4icrJOxhk=

form-data@^3.0.0:
  version "3.0.0"
  resolved "https://registry.yarnpkg.com/form-data/-/form-data-3.0.0.tgz#31b7e39c85f1355b7139ee0c647cf0de7f83c682"
  integrity sha512-CKMFDglpbMi6PyN+brwB9Q/GOw0eAnsrEZDgcsH5Krhz5Od/haKHAX0NmQfha2zPPz0JpWzA7GJHGSnvCRLWsg==
  dependencies:
    asynckit "^0.4.0"
    combined-stream "^1.0.8"
    mime-types "^2.1.12"

html-entities@^1.3.1:
  version "1.3.1"
  resolved "https://registry.yarnpkg.com/html-entities/-/html-entities-1.3.1.tgz#fb9a1a4b5b14c5daba82d3e34c6ae4fe701a0e44"
  integrity sha512-rhE/4Z3hIhzHAUKbW8jVcCyuT5oJCXXqhN/6mXXVCpzTmvJnoH2HL/bt3EZ6p55jbFJBeAe1ZNpL5BugLujxNA==

m3u8stream@^0.8.0:
  version "0.8.0"
  resolved "https://registry.yarnpkg.com/m3u8stream/-/m3u8stream-0.8.0.tgz#025a63358ee32d7652bdc0a93f46078582ec5e96"
  integrity sha512-vvSjdkBPdDHzVr2M+aIXbnYys4zX6m3UzxMaxBJr1PpE0e/3sawkLD4EEmz/q9hv87bleotR70cOWR3UBMtskw==
  dependencies:
    miniget "^2.0.1"
    sax "^1.2.4"

memorystream@^0.3.1:
  version "0.3.1"
  resolved "https://registry.yarnpkg.com/memorystream/-/memorystream-0.3.1.tgz#86d7090b30ce455d63fbae12dda51a47ddcaf9b2"
  integrity sha1-htcJCzDORV1j+64S3aUaR93K+bI=

mime-db@1.44.0:
  version "1.44.0"
  resolved "https://registry.yarnpkg.com/mime-db/-/mime-db-1.44.0.tgz#fa11c5eb0aca1334b4233cb4d52f10c5a6272f92"
  integrity sha512-/NOTfLrsPBVeH7YtFPgsVWveuL+4SjjYxaQ1xtM1KMFj7HdxlBlxeyNLzhyJVx7r4rZGJAZ/6lkKCitSc/Nmpg==

mime-types@^2.1.12:
  version "2.1.27"
  resolved "https://registry.yarnpkg.com/mime-types/-/mime-types-2.1.27.tgz#47949f98e279ea53119f5722e0f34e529bec009f"
  integrity sha512-JIhqnCasI9yD+SsmkquHBxTSEuZdQX5BuQnS2Vc7puQQQ+8yiP5AY5uWhpdv4YL4VM5c6iliiYWPgJ/nJQLp7w==
  dependencies:
    mime-db "1.44.0"

miniget@^2.0.1:
  version "2.0.1"
  resolved "https://registry.yarnpkg.com/miniget/-/miniget-2.0.1.tgz#e2188573317ad8239bab33f056aae64804fc8e47"
  integrity sha512-MX+QfVIPAutz6c+T7WKuFKtjcw0nOyRRh1ubhTDD+z/e/pKcSAsfAV63aQKUgb1MFRT1GyfJeW53N5fHkX0wIA==

miniget@^2.1.0:
  version "2.1.0"
  resolved "https://registry.yarnpkg.com/miniget/-/miniget-2.1.0.tgz#2dfb9ecb3a9a55d9dc682102f65fca2a06e3f5ca"
  integrity sha512-fy9x3d/0oOIhkwAms6kgxTYkHwdELhMfgj+9a/aYZpJdTWIIWGta9aXHUtnzUn+LjBmRoTdPRQSi2hkmEvXk3A==

node-fetch@^2.6.0:
  version "2.6.0"
  resolved "https://registry.yarnpkg.com/node-fetch/-/node-fetch-2.6.0.tgz#e633456386d4aa55863f676a7ab0daa8fdecb0fd"
  integrity sha512-8dG4H5ujfvFiqDmVu9fQ5bOHUC15JMjMY/Zumv26oOvvVJjM67KF8koCWIabKQ1GJIa9r2mMZscBq/TbdOcmNA==

sax@^1.1.3, sax@^1.2.4:
  version "1.2.4"
  resolved "https://registry.yarnpkg.com/sax/-/sax-1.2.4.tgz#2816234e2378bddc4e5354fab5caa895df7100d9"
  integrity sha512-NqVDv9TpANUjFm0N8uM5GxL36UgKi9/atZw+x7YFnQ8ckwFGKrl4xX4yWtrey3UJm5nP1kUbnYgLopqWNSRhWw==

ytdl-core@^4.0.0:
  version "4.0.3"
  resolved "https://registry.yarnpkg.com/ytdl-core/-/ytdl-core-4.0.3.tgz#9772dc6f7f0272534d50f50903022f8502ae44fa"
  integrity sha512-+pM+EocvdHHTfH3xCr3c41cIm8bD7IE/wv/QKjaO7PwdLaaOMIj7xc/7yWwy9NwUDgIKA1YTotcn0qpQ0FVtMA==
  dependencies:
    html-entities "^1.3.1"
    m3u8stream "^0.8.0"
    miniget "^2.1.0"
    sax "^1.1.3"
